// !$*UTF8*$!
{
	archiveVersion = 1;
	classes = {
	};
	objectVersion = 55;
	objects = {

/* Begin PBXBuildFile section */
		C610DE402869269400D2C524 /* AppDelegate.swift in Sources */ = {isa = PBXBuildFile; fileRef = C610DE3F2869269400D2C524 /* AppDelegate.swift */; };
		C610DE472869269400D2C524 /* Main.storyboard in Resources */ = {isa = PBXBuildFile; fileRef = C610DE452869269400D2C524 /* Main.storyboard */; };
		C610DE492869269600D2C524 /* Assets.xcassets in Resources */ = {isa = PBXBuildFile; fileRef = C610DE482869269600D2C524 /* Assets.xcassets */; };
		C610DE4C2869269600D2C524 /* LaunchScreen.storyboard in Resources */ = {isa = PBXBuildFile; fileRef = C610DE4A2869269600D2C524 /* LaunchScreen.storyboard */; };
		C65F89C5286B9D2300E9EC9E /* BudgetViewController.swift in Sources */ = {isa = PBXBuildFile; fileRef = C65F89C4286B9D2300E9EC9E /* BudgetViewController.swift */; };
		C6603B94288F572400192518 /* TotalsView.xib in Resources */ = {isa = PBXBuildFile; fileRef = C6603B93288F572400192518 /* TotalsView.xib */; };
		C6603B962891DC7B00192518 /* TotalsView.swift in Sources */ = {isa = PBXBuildFile; fileRef = C6603B952891DC7B00192518 /* TotalsView.swift */; };
		C67F21FF29355CDC006B6A69 /* TextField+Picker.swift in Sources */ = {isa = PBXBuildFile; fileRef = C67F21FE29355CDC006B6A69 /* TextField+Picker.swift */; };
		C69916A528C00950007BF2AD /* AddIncomeCostView.xib in Resources */ = {isa = PBXBuildFile; fileRef = C69916A428C00950007BF2AD /* AddIncomeCostView.xib */; };
		C69916A728C1582E007BF2AD /* AddIncomeCostView.swift in Sources */ = {isa = PBXBuildFile; fileRef = C69916A628C1582E007BF2AD /* AddIncomeCostView.swift */; };
		C69916A928EB8DA7007BF2AD /* AddIncomeViewController.swift in Sources */ = {isa = PBXBuildFile; fileRef = C69916A828EB8DA7007BF2AD /* AddIncomeViewController.swift */; };
		C6A0640128AEE7B300353AD2 /* IncomeCostView.xib in Resources */ = {isa = PBXBuildFile; fileRef = C6A0640028AEE7B300353AD2 /* IncomeCostView.xib */; };
		C6A0640928AEE86800353AD2 /* IncomeCostView.swift in Sources */ = {isa = PBXBuildFile; fileRef = C6A0640828AEE86800353AD2 /* IncomeCostView.swift */; };
		C6A0640B28AF071000353AD2 /* InfoViewController.swift in Sources */ = {isa = PBXBuildFile; fileRef = C6A0640A28AF071000353AD2 /* InfoViewController.swift */; };
		C6A0640D28AF077D00353AD2 /* AddCostViewController.swift in Sources */ = {isa = PBXBuildFile; fileRef = C6A0640C28AF077D00353AD2 /* AddCostViewController.swift */; };
		C6BD18EA2872345E00E8F052 /* BudgetManager.swift in Sources */ = {isa = PBXBuildFile; fileRef = C6BD18E92872345E00E8F052 /* BudgetManager.swift */; };
		C6BD18EE28763BB200E8F052 /* User.swift in Sources */ = {isa = PBXBuildFile; fileRef = C6BD18ED28763BB200E8F052 /* User.swift */; };
		C6BD18F028763E2200E8F052 /* Utilities.swift in Sources */ = {isa = PBXBuildFile; fileRef = C6BD18EF28763E2200E8F052 /* Utilities.swift */; };
		C6BD18F22876408800E8F052 /* Income.swift in Sources */ = {isa = PBXBuildFile; fileRef = C6BD18F12876408800E8F052 /* Income.swift */; };
		C6BD18FE287CD55900E8F052 /* BudgetView.swift in Sources */ = {isa = PBXBuildFile; fileRef = C6BD18FD287CD55900E8F052 /* BudgetView.swift */; };
		C6D92030286D0C9A00188083 /* SettingsViewController.swift in Sources */ = {isa = PBXBuildFile; fileRef = C6D9202F286D0C9A00188083 /* SettingsViewController.swift */; };
		C6DC1EDC2886093600027BDD /* ExpensesViewController.swift in Sources */ = {isa = PBXBuildFile; fileRef = C6DC1EDB2886093600027BDD /* ExpensesViewController.swift */; };
		C6DC1EDE28860D9800027BDD /* Settings.swift in Sources */ = {isa = PBXBuildFile; fileRef = C6DC1EDD28860D9800027BDD /* Settings.swift */; };
		C6DC1EE42888A7A300027BDD /* MainTabBarController.swift in Sources */ = {isa = PBXBuildFile; fileRef = C6DC1EE32888A7A300027BDD /* MainTabBarController.swift */; };
		D4C6CF8228C39EC500A1659F /* InfoTableViewCell.xib in Resources */ = {isa = PBXBuildFile; fileRef = D4C6CF8128C39EC500A1659F /* InfoTableViewCell.xib */; };
		D4C6CF8428C39ED300A1659F /* InfoTableViewCell.swift in Sources */ = {isa = PBXBuildFile; fileRef = D4C6CF8328C39ED300A1659F /* InfoTableViewCell.swift */; };
		D4F10A36290C53920073584A /* IncomesViewController.swift in Sources */ = {isa = PBXBuildFile; fileRef = D4F10A35290C53920073584A /* IncomesViewController.swift */; };
		D4FB1211290C0B0E00361761 /* Expense.swift in Sources */ = {isa = PBXBuildFile; fileRef = D4FB1210290C0B0E00361761 /* Expense.swift */; };
		D4FB1213290C0C1D00361761 /* IncomeManager.swift in Sources */ = {isa = PBXBuildFile; fileRef = D4FB1212290C0C1D00361761 /* IncomeManager.swift */; };
		D4FC5A2328B935A000F48650 /* BankAccount.swift in Sources */ = {isa = PBXBuildFile; fileRef = D4FC5A2228B935A000F48650 /* BankAccount.swift */; };
		E6DE0BD728A673E0006E06C9 /* UIView+LoadNib.swift in Sources */ = {isa = PBXBuildFile; fileRef = E6DE0BD628A673E0006E06C9 /* UIView+LoadNib.swift */; };
/* End PBXBuildFile section */

/* Begin PBXFileReference section */
		C610DE3C2869269400D2C524 /* FamilyBudget.app */ = {isa = PBXFileReference; explicitFileType = wrapper.application; includeInIndex = 0; path = FamilyBudget.app; sourceTree = BUILT_PRODUCTS_DIR; };
		C610DE3F2869269400D2C524 /* AppDelegate.swift */ = {isa = PBXFileReference; lastKnownFileType = sourcecode.swift; path = AppDelegate.swift; sourceTree = "<group>"; };
		C610DE462869269400D2C524 /* Base */ = {isa = PBXFileReference; lastKnownFileType = file.storyboard; name = Base; path = Base.lproj/Main.storyboard; sourceTree = "<group>"; };
		C610DE482869269600D2C524 /* Assets.xcassets */ = {isa = PBXFileReference; lastKnownFileType = folder.assetcatalog; path = Assets.xcassets; sourceTree = "<group>"; };
		C610DE4B2869269600D2C524 /* Base */ = {isa = PBXFileReference; lastKnownFileType = file.storyboard; name = Base; path = Base.lproj/LaunchScreen.storyboard; sourceTree = "<group>"; };
		C610DE4D2869269600D2C524 /* Info.plist */ = {isa = PBXFileReference; lastKnownFileType = text.plist.xml; path = Info.plist; sourceTree = "<group>"; };
		C65F89C4286B9D2300E9EC9E /* BudgetViewController.swift */ = {isa = PBXFileReference; lastKnownFileType = sourcecode.swift; path = BudgetViewController.swift; sourceTree = "<group>"; };
		C6603B93288F572400192518 /* TotalsView.xib */ = {isa = PBXFileReference; lastKnownFileType = file.xib; path = TotalsView.xib; sourceTree = "<group>"; };
		C6603B952891DC7B00192518 /* TotalsView.swift */ = {isa = PBXFileReference; lastKnownFileType = sourcecode.swift; path = TotalsView.swift; sourceTree = "<group>"; };
		C67F21FE29355CDC006B6A69 /* TextField+Picker.swift */ = {isa = PBXFileReference; lastKnownFileType = sourcecode.swift; path = "TextField+Picker.swift"; sourceTree = "<group>"; };
		C69916A428C00950007BF2AD /* AddIncomeCostView.xib */ = {isa = PBXFileReference; lastKnownFileType = file.xib; path = AddIncomeCostView.xib; sourceTree = "<group>"; };
		C69916A628C1582E007BF2AD /* AddIncomeCostView.swift */ = {isa = PBXFileReference; lastKnownFileType = sourcecode.swift; path = AddIncomeCostView.swift; sourceTree = "<group>"; };
		C69916A828EB8DA7007BF2AD /* AddIncomeViewController.swift */ = {isa = PBXFileReference; lastKnownFileType = sourcecode.swift; path = AddIncomeViewController.swift; sourceTree = "<group>"; };
		C6A0640028AEE7B300353AD2 /* IncomeCostView.xib */ = {isa = PBXFileReference; lastKnownFileType = file.xib; path = IncomeCostView.xib; sourceTree = "<group>"; };
		C6A0640828AEE86800353AD2 /* IncomeCostView.swift */ = {isa = PBXFileReference; lastKnownFileType = sourcecode.swift; path = IncomeCostView.swift; sourceTree = "<group>"; };
		C6A0640A28AF071000353AD2 /* InfoViewController.swift */ = {isa = PBXFileReference; lastKnownFileType = sourcecode.swift; path = InfoViewController.swift; sourceTree = "<group>"; };
		C6A0640C28AF077D00353AD2 /* AddCostViewController.swift */ = {isa = PBXFileReference; lastKnownFileType = sourcecode.swift; path = AddCostViewController.swift; sourceTree = "<group>"; };
		C6BD18E92872345E00E8F052 /* BudgetManager.swift */ = {isa = PBXFileReference; lastKnownFileType = sourcecode.swift; path = BudgetManager.swift; sourceTree = "<group>"; };
		C6BD18ED28763BB200E8F052 /* User.swift */ = {isa = PBXFileReference; lastKnownFileType = sourcecode.swift; path = User.swift; sourceTree = "<group>"; };
		C6BD18EF28763E2200E8F052 /* Utilities.swift */ = {isa = PBXFileReference; lastKnownFileType = sourcecode.swift; path = Utilities.swift; sourceTree = "<group>"; };
		C6BD18F12876408800E8F052 /* Income.swift */ = {isa = PBXFileReference; lastKnownFileType = sourcecode.swift; path = Income.swift; sourceTree = "<group>"; };
		C6BD18FD287CD55900E8F052 /* BudgetView.swift */ = {isa = PBXFileReference; lastKnownFileType = sourcecode.swift; path = BudgetView.swift; sourceTree = "<group>"; };
		C6D9202F286D0C9A00188083 /* SettingsViewController.swift */ = {isa = PBXFileReference; lastKnownFileType = sourcecode.swift; path = SettingsViewController.swift; sourceTree = "<group>"; };
		C6DC1EDB2886093600027BDD /* ExpensesViewController.swift */ = {isa = PBXFileReference; lastKnownFileType = sourcecode.swift; path = ExpensesViewController.swift; sourceTree = "<group>"; };
		C6DC1EDD28860D9800027BDD /* Settings.swift */ = {isa = PBXFileReference; lastKnownFileType = sourcecode.swift; path = Settings.swift; sourceTree = "<group>"; };
		C6DC1EE32888A7A300027BDD /* MainTabBarController.swift */ = {isa = PBXFileReference; lastKnownFileType = sourcecode.swift; path = MainTabBarController.swift; sourceTree = "<group>"; };
		D4C6CF8128C39EC500A1659F /* InfoTableViewCell.xib */ = {isa = PBXFileReference; lastKnownFileType = file.xib; path = InfoTableViewCell.xib; sourceTree = "<group>"; };
		D4C6CF8328C39ED300A1659F /* InfoTableViewCell.swift */ = {isa = PBXFileReference; lastKnownFileType = sourcecode.swift; path = InfoTableViewCell.swift; sourceTree = "<group>"; };
		D4F10A35290C53920073584A /* IncomesViewController.swift */ = {isa = PBXFileReference; fileEncoding = 4; lastKnownFileType = sourcecode.swift; path = IncomesViewController.swift; sourceTree = "<group>"; };
		D4FB1210290C0B0E00361761 /* Expense.swift */ = {isa = PBXFileReference; lastKnownFileType = sourcecode.swift; path = Expense.swift; sourceTree = "<group>"; };
		D4FB1212290C0C1D00361761 /* IncomeManager.swift */ = {isa = PBXFileReference; lastKnownFileType = sourcecode.swift; path = IncomeManager.swift; sourceTree = "<group>"; };
		D4FC5A2228B935A000F48650 /* BankAccount.swift */ = {isa = PBXFileReference; lastKnownFileType = sourcecode.swift; path = BankAccount.swift; sourceTree = "<group>"; };
		E6DE0BD628A673E0006E06C9 /* UIView+LoadNib.swift */ = {isa = PBXFileReference; lastKnownFileType = sourcecode.swift; path = "UIView+LoadNib.swift"; sourceTree = "<group>"; };
/* End PBXFileReference section */

/* Begin PBXFrameworksBuildPhase section */
		C610DE392869269400D2C524 /* Frameworks */ = {
			isa = PBXFrameworksBuildPhase;
			buildActionMask = 2147483647;
			files = (
			);
			runOnlyForDeploymentPostprocessing = 0;
		};
/* End PBXFrameworksBuildPhase section */

/* Begin PBXGroup section */
		C610DE332869269400D2C524 = {
			isa = PBXGroup;
			children = (
				C610DE3E2869269400D2C524 /* FamilyBudget */,
				C610DE3D2869269400D2C524 /* Products */,
			);
			sourceTree = "<group>";
		};
		C610DE3D2869269400D2C524 /* Products */ = {
			isa = PBXGroup;
			children = (
				C610DE3C2869269400D2C524 /* FamilyBudget.app */,
			);
			name = Products;
			sourceTree = "<group>";
		};
		C610DE3E2869269400D2C524 /* FamilyBudget */ = {
			isa = PBXGroup;
			children = (
				C610DE4D2869269600D2C524 /* Info.plist */,
				C6DC1EDF2888A59200027BDD /* Views */,
				C6DC1EE02888A5B500027BDD /* Controllers */,
				C6BD18E82872341800E8F052 /* Model */,
				E6DE0BD828A673E4006E06C9 /* Extensions */,
				C6DC1EE12888A5CB00027BDD /* Main */,
				C6DC1EE22888A68F00027BDD /* Resources */,
			);
			path = FamilyBudget;
			sourceTree = "<group>";
		};
		C6BD18E82872341800E8F052 /* Model */ = {
			isa = PBXGroup;
			children = (
				C6BD18E92872345E00E8F052 /* BudgetManager.swift */,
				C6BD18F12876408800E8F052 /* Income.swift */,
				C6BD18ED28763BB200E8F052 /* User.swift */,
				C6BD18EF28763E2200E8F052 /* Utilities.swift */,
				C6DC1EDD28860D9800027BDD /* Settings.swift */,
				D4FC5A2228B935A000F48650 /* BankAccount.swift */,
				D4FB1210290C0B0E00361761 /* Expense.swift */,
				D4FB1212290C0C1D00361761 /* IncomeManager.swift */,
			);
			path = Model;
			sourceTree = "<group>";
		};
		C6DC1EDF2888A59200027BDD /* Views */ = {
			isa = PBXGroup;
			children = (
				C6BD18FD287CD55900E8F052 /* BudgetView.swift */,
				C6603B93288F572400192518 /* TotalsView.xib */,
				C6603B952891DC7B00192518 /* TotalsView.swift */,
				C6A0640028AEE7B300353AD2 /* IncomeCostView.xib */,
				C6A0640828AEE86800353AD2 /* IncomeCostView.swift */,
				C69916A428C00950007BF2AD /* AddIncomeCostView.xib */,
				C69916A628C1582E007BF2AD /* AddIncomeCostView.swift */,
				D4C6CF8128C39EC500A1659F /* InfoTableViewCell.xib */,
				D4C6CF8328C39ED300A1659F /* InfoTableViewCell.swift */,
			);
			path = Views;
			sourceTree = "<group>";
		};
		C6DC1EE02888A5B500027BDD /* Controllers */ = {
			isa = PBXGroup;
			children = (
				D4F10A35290C53920073584A /* IncomesViewController.swift */,
				C65F89C4286B9D2300E9EC9E /* BudgetViewController.swift */,
				C6DC1EDB2886093600027BDD /* ExpensesViewController.swift */,
				C6D9202F286D0C9A00188083 /* SettingsViewController.swift */,
				C6DC1EE32888A7A300027BDD /* MainTabBarController.swift */,
				C6A0640A28AF071000353AD2 /* InfoViewController.swift */,
				C6A0640C28AF077D00353AD2 /* AddCostViewController.swift */,
				C69916A828EB8DA7007BF2AD /* AddIncomeViewController.swift */,
			);
			path = Controllers;
			sourceTree = "<group>";
		};
		C6DC1EE12888A5CB00027BDD /* Main */ = {
			isa = PBXGroup;
			children = (
				C610DE3F2869269400D2C524 /* AppDelegate.swift */,
				C610DE452869269400D2C524 /* Main.storyboard */,
			);
			path = Main;
			sourceTree = "<group>";
		};
		C6DC1EE22888A68F00027BDD /* Resources */ = {
			isa = PBXGroup;
			children = (
				C610DE482869269600D2C524 /* Assets.xcassets */,
				C610DE4A2869269600D2C524 /* LaunchScreen.storyboard */,
			);
			path = Resources;
			sourceTree = "<group>";
		};
		E6DE0BD828A673E4006E06C9 /* Extensions */ = {
			isa = PBXGroup;
			children = (
				E6DE0BD628A673E0006E06C9 /* UIView+LoadNib.swift */,
				C67F21FE29355CDC006B6A69 /* TextField+Picker.swift */,
			);
			path = Extensions;
			sourceTree = "<group>";
		};
/* End PBXGroup section */

/* Begin PBXNativeTarget section */
		C610DE3B2869269400D2C524 /* FamilyBudget */ = {
			isa = PBXNativeTarget;
			buildConfigurationList = C610DE502869269600D2C524 /* Build configuration list for PBXNativeTarget "FamilyBudget" */;
			buildPhases = (
				C610DE382869269400D2C524 /* Sources */,
				C610DE392869269400D2C524 /* Frameworks */,
				C610DE3A2869269400D2C524 /* Resources */,
			);
			buildRules = (
			);
			dependencies = (
			);
			name = FamilyBudget;
			productName = FamilyBudget;
			productReference = C610DE3C2869269400D2C524 /* FamilyBudget.app */;
			productType = "com.apple.product-type.application";
		};
/* End PBXNativeTarget section */

/* Begin PBXProject section */
		C610DE342869269400D2C524 /* Project object */ = {
			isa = PBXProject;
			attributes = {
				BuildIndependentTargetsInParallel = 1;
				LastSwiftUpdateCheck = 1320;
				LastUpgradeCheck = 1320;
				TargetAttributes = {
					C610DE3B2869269400D2C524 = {
						CreatedOnToolsVersion = 13.2.1;
					};
				};
			};
			buildConfigurationList = C610DE372869269400D2C524 /* Build configuration list for PBXProject "FamilyBudget" */;
			compatibilityVersion = "Xcode 13.0";
			developmentRegion = en;
			hasScannedForEncodings = 0;
			knownRegions = (
				en,
				Base,
			);
			mainGroup = C610DE332869269400D2C524;
			productRefGroup = C610DE3D2869269400D2C524 /* Products */;
			projectDirPath = "";
			projectRoot = "";
			targets = (
				C610DE3B2869269400D2C524 /* FamilyBudget */,
			);
		};
/* End PBXProject section */

/* Begin PBXResourcesBuildPhase section */
		C610DE3A2869269400D2C524 /* Resources */ = {
			isa = PBXResourcesBuildPhase;
			buildActionMask = 2147483647;
			files = (
				C610DE4C2869269600D2C524 /* LaunchScreen.storyboard in Resources */,
				C6603B94288F572400192518 /* TotalsView.xib in Resources */,
				D4C6CF8228C39EC500A1659F /* InfoTableViewCell.xib in Resources */,
				C69916A528C00950007BF2AD /* AddIncomeCostView.xib in Resources */,
				C610DE492869269600D2C524 /* Assets.xcassets in Resources */,
				C610DE472869269400D2C524 /* Main.storyboard in Resources */,
				C6A0640128AEE7B300353AD2 /* IncomeCostView.xib in Resources */,
			);
			runOnlyForDeploymentPostprocessing = 0;
		};
/* End PBXResourcesBuildPhase section */

/* Begin PBXSourcesBuildPhase section */
		C610DE382869269400D2C524 /* Sources */ = {
			isa = PBXSourcesBuildPhase;
			buildActionMask = 2147483647;
			files = (
				D4FB1211290C0B0E00361761 /* Expense.swift in Sources */,
				C6603B962891DC7B00192518 /* TotalsView.swift in Sources */,
				C6BD18FE287CD55900E8F052 /* BudgetView.swift in Sources */,
				C6DC1EDE28860D9800027BDD /* Settings.swift in Sources */,
				C6A0640928AEE86800353AD2 /* IncomeCostView.swift in Sources */,
				C69916A928EB8DA7007BF2AD /* AddIncomeViewController.swift in Sources */,
				C6D92030286D0C9A00188083 /* SettingsViewController.swift in Sources */,
				C6BD18F22876408800E8F052 /* Income.swift in Sources */,
				C6BD18EA2872345E00E8F052 /* BudgetManager.swift in Sources */,
				C610DE402869269400D2C524 /* AppDelegate.swift in Sources */,
				C6DC1EDC2886093600027BDD /* ExpensesViewController.swift in Sources */,
				C6DC1EE42888A7A300027BDD /* MainTabBarController.swift in Sources */,
				C6A0640D28AF077D00353AD2 /* AddCostViewController.swift in Sources */,
				E6DE0BD728A673E0006E06C9 /* UIView+LoadNib.swift in Sources */,
				C6BD18EE28763BB200E8F052 /* User.swift in Sources */,
				C6A0640B28AF071000353AD2 /* InfoViewController.swift in Sources */,
				C67F21FF29355CDC006B6A69 /* TextField+Picker.swift in Sources */,
				D4FB1213290C0C1D00361761 /* IncomeManager.swift in Sources */,
				C69916A728C1582E007BF2AD /* AddIncomeCostView.swift in Sources */,
				D4F10A36290C53920073584A /* IncomesViewController.swift in Sources */,
				C6BD18F028763E2200E8F052 /* Utilities.swift in Sources */,
				D4C6CF8428C39ED300A1659F /* InfoTableViewCell.swift in Sources */,
				D4FC5A2328B935A000F48650 /* BankAccount.swift in Sources */,
				C65F89C5286B9D2300E9EC9E /* BudgetViewController.swift in Sources */,
			);
			runOnlyForDeploymentPostprocessing = 0;
		};
/* End PBXSourcesBuildPhase section */

/* Begin PBXVariantGroup section */
		C610DE452869269400D2C524 /* Main.storyboard */ = {
			isa = PBXVariantGroup;
			children = (
				C610DE462869269400D2C524 /* Base */,
			);
			name = Main.storyboard;
			sourceTree = "<group>";
		};
		C610DE4A2869269600D2C524 /* LaunchScreen.storyboard */ = {
			isa = PBXVariantGroup;
			children = (
				C610DE4B2869269600D2C524 /* Base */,
			);
			name = LaunchScreen.storyboard;
			sourceTree = "<group>";
		};
/* End PBXVariantGroup section */

/* Begin XCBuildConfiguration section */
		C610DE4E2869269600D2C524 /* Debug */ = {
			isa = XCBuildConfiguration;
			buildSettings = {
				ALWAYS_SEARCH_USER_PATHS = NO;
				CLANG_ANALYZER_NONNULL = YES;
				CLANG_ANALYZER_NUMBER_OBJECT_CONVERSION = YES_AGGRESSIVE;
				CLANG_CXX_LANGUAGE_STANDARD = "gnu++17";
				CLANG_CXX_LIBRARY = "libc++";
				CLANG_ENABLE_MODULES = YES;
				CLANG_ENABLE_OBJC_ARC = YES;
				CLANG_ENABLE_OBJC_WEAK = YES;
				CLANG_WARN_BLOCK_CAPTURE_AUTORELEASING = YES;
				CLANG_WARN_BOOL_CONVERSION = YES;
				CLANG_WARN_COMMA = YES;
				CLANG_WARN_CONSTANT_CONVERSION = YES;
				CLANG_WARN_DEPRECATED_OBJC_IMPLEMENTATIONS = YES;
				CLANG_WARN_DIRECT_OBJC_ISA_USAGE = YES_ERROR;
				CLANG_WARN_DOCUMENTATION_COMMENTS = YES;
				CLANG_WARN_EMPTY_BODY = YES;
				CLANG_WARN_ENUM_CONVERSION = YES;
				CLANG_WARN_INFINITE_RECURSION = YES;
				CLANG_WARN_INT_CONVERSION = YES;
				CLANG_WARN_NON_LITERAL_NULL_CONVERSION = YES;
				CLANG_WARN_OBJC_IMPLICIT_RETAIN_SELF = YES;
				CLANG_WARN_OBJC_LITERAL_CONVERSION = YES;
				CLANG_WARN_OBJC_ROOT_CLASS = YES_ERROR;
				CLANG_WARN_QUOTED_INCLUDE_IN_FRAMEWORK_HEADER = YES;
				CLANG_WARN_RANGE_LOOP_ANALYSIS = YES;
				CLANG_WARN_STRICT_PROTOTYPES = YES;
				CLANG_WARN_SUSPICIOUS_MOVE = YES;
				CLANG_WARN_UNGUARDED_AVAILABILITY = YES_AGGRESSIVE;
				CLANG_WARN_UNREACHABLE_CODE = YES;
				CLANG_WARN__DUPLICATE_METHOD_MATCH = YES;
				COPY_PHASE_STRIP = NO;
				DEBUG_INFORMATION_FORMAT = dwarf;
				ENABLE_STRICT_OBJC_MSGSEND = YES;
				ENABLE_TESTABILITY = YES;
				GCC_C_LANGUAGE_STANDARD = gnu11;
				GCC_DYNAMIC_NO_PIC = NO;
				GCC_NO_COMMON_BLOCKS = YES;
				GCC_OPTIMIZATION_LEVEL = 0;
				GCC_PREPROCESSOR_DEFINITIONS = (
					"DEBUG=1",
					"$(inherited)",
				);
				GCC_WARN_64_TO_32_BIT_CONVERSION = YES;
				GCC_WARN_ABOUT_RETURN_TYPE = YES_ERROR;
				GCC_WARN_UNDECLARED_SELECTOR = YES;
				GCC_WARN_UNINITIALIZED_AUTOS = YES_AGGRESSIVE;
				GCC_WARN_UNUSED_FUNCTION = YES;
				GCC_WARN_UNUSED_VARIABLE = YES;
				IPHONEOS_DEPLOYMENT_TARGET = 15.2;
				MTL_ENABLE_DEBUG_INFO = INCLUDE_SOURCE;
				MTL_FAST_MATH = YES;
				ONLY_ACTIVE_ARCH = YES;
				SDKROOT = iphoneos;
				SWIFT_ACTIVE_COMPILATION_CONDITIONS = DEBUG;
				SWIFT_OPTIMIZATION_LEVEL = "-Onone";
			};
			name = Debug;
		};
		C610DE4F2869269600D2C524 /* Release */ = {
			isa = XCBuildConfiguration;
			buildSettings = {
				ALWAYS_SEARCH_USER_PATHS = NO;
				CLANG_ANALYZER_NONNULL = YES;
				CLANG_ANALYZER_NUMBER_OBJECT_CONVERSION = YES_AGGRESSIVE;
				CLANG_CXX_LANGUAGE_STANDARD = "gnu++17";
				CLANG_CXX_LIBRARY = "libc++";
				CLANG_ENABLE_MODULES = YES;
				CLANG_ENABLE_OBJC_ARC = YES;
				CLANG_ENABLE_OBJC_WEAK = YES;
				CLANG_WARN_BLOCK_CAPTURE_AUTORELEASING = YES;
				CLANG_WARN_BOOL_CONVERSION = YES;
				CLANG_WARN_COMMA = YES;
				CLANG_WARN_CONSTANT_CONVERSION = YES;
				CLANG_WARN_DEPRECATED_OBJC_IMPLEMENTATIONS = YES;
				CLANG_WARN_DIRECT_OBJC_ISA_USAGE = YES_ERROR;
				CLANG_WARN_DOCUMENTATION_COMMENTS = YES;
				CLANG_WARN_EMPTY_BODY = YES;
				CLANG_WARN_ENUM_CONVERSION = YES;
				CLANG_WARN_INFINITE_RECURSION = YES;
				CLANG_WARN_INT_CONVERSION = YES;
				CLANG_WARN_NON_LITERAL_NULL_CONVERSION = YES;
				CLANG_WARN_OBJC_IMPLICIT_RETAIN_SELF = YES;
				CLANG_WARN_OBJC_LITERAL_CONVERSION = YES;
				CLANG_WARN_OBJC_ROOT_CLASS = YES_ERROR;
				CLANG_WARN_QUOTED_INCLUDE_IN_FRAMEWORK_HEADER = YES;
				CLANG_WARN_RANGE_LOOP_ANALYSIS = YES;
				CLANG_WARN_STRICT_PROTOTYPES = YES;
				CLANG_WARN_SUSPICIOUS_MOVE = YES;
				CLANG_WARN_UNGUARDED_AVAILABILITY = YES_AGGRESSIVE;
				CLANG_WARN_UNREACHABLE_CODE = YES;
				CLANG_WARN__DUPLICATE_METHOD_MATCH = YES;
				COPY_PHASE_STRIP = NO;
				DEBUG_INFORMATION_FORMAT = "dwarf-with-dsym";
				ENABLE_NS_ASSERTIONS = NO;
				ENABLE_STRICT_OBJC_MSGSEND = YES;
				GCC_C_LANGUAGE_STANDARD = gnu11;
				GCC_NO_COMMON_BLOCKS = YES;
				GCC_WARN_64_TO_32_BIT_CONVERSION = YES;
				GCC_WARN_ABOUT_RETURN_TYPE = YES_ERROR;
				GCC_WARN_UNDECLARED_SELECTOR = YES;
				GCC_WARN_UNINITIALIZED_AUTOS = YES_AGGRESSIVE;
				GCC_WARN_UNUSED_FUNCTION = YES;
				GCC_WARN_UNUSED_VARIABLE = YES;
				IPHONEOS_DEPLOYMENT_TARGET = 15.2;
				MTL_ENABLE_DEBUG_INFO = NO;
				MTL_FAST_MATH = YES;
				SDKROOT = iphoneos;
				SWIFT_COMPILATION_MODE = wholemodule;
				SWIFT_OPTIMIZATION_LEVEL = "-O";
				VALIDATE_PRODUCT = YES;
			};
			name = Release;
		};
		C610DE512869269600D2C524 /* Debug */ = {
			isa = XCBuildConfiguration;
			buildSettings = {
				ASSETCATALOG_COMPILER_APPICON_NAME = AppIcon;
				ASSETCATALOG_COMPILER_GLOBAL_ACCENT_COLOR_NAME = AccentColor;
				CODE_SIGN_STYLE = Automatic;
				CURRENT_PROJECT_VERSION = 1;
				DEVELOPMENT_TEAM = G77WRV3QTD;
				GENERATE_INFOPLIST_FILE = YES;
				INFOPLIST_FILE = FamilyBudget/Info.plist;
				INFOPLIST_KEY_UIApplicationSupportsIndirectInputEvents = YES;
				INFOPLIST_KEY_UILaunchStoryboardName = LaunchScreen;
				INFOPLIST_KEY_UIMainStoryboardFile = Main;
				INFOPLIST_KEY_UISupportedInterfaceOrientations = UIInterfaceOrientationPortrait;
				INFOPLIST_KEY_UISupportedInterfaceOrientations_iPad = "UIInterfaceOrientationPortrait UIInterfaceOrientationPortraitUpsideDown UIInterfaceOrientationLandscapeLeft UIInterfaceOrientationLandscapeRight";
				INFOPLIST_KEY_UISupportedInterfaceOrientations_iPhone = "UIInterfaceOrientationPortrait UIInterfaceOrientationLandscapeLeft UIInterfaceOrientationLandscapeRight";
				IPHONEOS_DEPLOYMENT_TARGET = 14.0;
				LD_RUNPATH_SEARCH_PATHS = (
					"$(inherited)",
					"@executable_path/Frameworks",
				);
				MARKETING_VERSION = 1.0;
				PRODUCT_BUNDLE_IDENTIFIER = Khaidukova.FamilyBudget;
				PRODUCT_NAME = "$(TARGET_NAME)";
				SWIFT_EMIT_LOC_STRINGS = YES;
				SWIFT_VERSION = 5.0;
				TARGETED_DEVICE_FAMILY = 1;
			};
			name = Debug;
		};
		C610DE522869269600D2C524 /* Release */ = {
			isa = XCBuildConfiguration;
			buildSettings = {
				ASSETCATALOG_COMPILER_APPICON_NAME = AppIcon;
				ASSETCATALOG_COMPILER_GLOBAL_ACCENT_COLOR_NAME = AccentColor;
				CODE_SIGN_STYLE = Automatic;
				CURRENT_PROJECT_VERSION = 1;
				DEVELOPMENT_TEAM = G77WRV3QTD;
				GENERATE_INFOPLIST_FILE = YES;
				INFOPLIST_FILE = FamilyBudget/Info.plist;
				INFOPLIST_KEY_UIApplicationSupportsIndirectInputEvents = YES;
				INFOPLIST_KEY_UILaunchStoryboardName = LaunchScreen;
				INFOPLIST_KEY_UIMainStoryboardFile = Main;
				INFOPLIST_KEY_UISupportedInterfaceOrientations = UIInterfaceOrientationPortrait;
				INFOPLIST_KEY_UISupportedInterfaceOrientations_iPad = "UIInterfaceOrientationPortrait UIInterfaceOrientationPortraitUpsideDown UIInterfaceOrientationLandscapeLeft UIInterfaceOrientationLandscapeRight";
				INFOPLIST_KEY_UISupportedInterfaceOrientations_iPhone = "UIInterfaceOrientationPortrait UIInterfaceOrientationLandscapeLeft UIInterfaceOrientationLandscapeRight";
				IPHONEOS_DEPLOYMENT_TARGET = 14.0;
				LD_RUNPATH_SEARCH_PATHS = (
					"$(inherited)",
					"@executable_path/Frameworks",
				);
				MARKETING_VERSION = 1.0;
				PRODUCT_BUNDLE_IDENTIFIER = Khaidukova.FamilyBudget;
				PRODUCT_NAME = "$(TARGET_NAME)";
				SWIFT_EMIT_LOC_STRINGS = YES;
				SWIFT_VERSION = 5.0;
				TARGETED_DEVICE_FAMILY = 1;
			};
			name = Release;
		};
/* End XCBuildConfiguration section */

/* Begin XCConfigurationList section */
		C610DE372869269400D2C524 /* Build configuration list for PBXProject "FamilyBudget" */ = {
			isa = XCConfigurationList;
			buildConfigurations = (
				C610DE4E2869269600D2C524 /* Debug */,
				C610DE4F2869269600D2C524 /* Release */,
			);
			defaultConfigurationIsVisible = 0;
			defaultConfigurationName = Release;
		};
		C610DE502869269600D2C524 /* Build configuration list for PBXNativeTarget "FamilyBudget" */ = {
			isa = XCConfigurationList;
			buildConfigurations = (
				C610DE512869269600D2C524 /* Debug */,
				C610DE522869269600D2C524 /* Release */,
			);
			defaultConfigurationIsVisible = 0;
			defaultConfigurationName = Release;
		};
/* End XCConfigurationList section */
	};
	rootObject = C610DE342869269400D2C524 /* Project object */;
}
